
Microsoft Visual Studio Solution File, Format Version 12.00
# Visual Studio 15
VisualStudioVersion = 15.0.26228.4
MinimumVisualStudioVersion = 10.0.40219.1
Project("{2150E333-8FDC-42A3-9474-1A3956D46DE8}") = "Solution Items", "Solution Items", "{1C285657-5BD7-4E8D-8E9F-49C24601AB82}"
	ProjectSection(SolutionItems) = preProject
		..\_.deployment = ..\_.deployment
		..\_deploy.cmd = ..\_deploy.cmd
		..\appveyor.yml = ..\appveyor.yml
		..\global.json = ..\global.json
	EndProjectSection
EndProject
Project("{9A19103F-16F7-4668-BE54-9A1E7A4F7556}") = "One", "One\One.csproj", "{4FB63E39-5177-4332-ACD6-4F0FDBA65D73}"
EndProject
Project("{9A19103F-16F7-4668-BE54-9A1E7A4F7556}") = "One.Data", "One.Data\One.Data.csproj", "{C2D0E523-A7EF-4A0B-BD39-3D2A340A59F3}"
EndProject
Project("{9A19103F-16F7-4668-BE54-9A1E7A4F7556}") = "One.MetaWeblog", "One.MetaWeblog\One.MetaWeblog.csproj", "{418BDB02-D782-49B6-AA20-BC6137C9F4B6}"
EndProject
Project("{9A19103F-16F7-4668-BE54-9A1E7A4F7556}") = "One.Helpers", "One.Helpers\One.Helpers.csproj", "{EF312410-4EEA-46AB-93EC-05A952D1C97E}"
EndProject
Project("{E53339B2-1760-4266-BCC7-CA923CBCF16C}") = "docker-compose", "docker-compose.dcproj", "{7861F22C-1178-4800-AA0B-5C6392A077FA}"
EndProject
Project("{9A19103F-16F7-4668-BE54-9A1E7A4F7556}") = "One.Mock", "One.Mock\One.Mock.csproj", "{4AAB4556-C50B-4855-9707-D56F6578E068}"
EndProject
Project("{9A19103F-16F7-4668-BE54-9A1E7A4F7556}") = "Json.Test", "Json.Test\Json.Test.csproj", "{A5914362-7B39-4EFA-A818-2C234DA8EC09}"
EndProject
Project("{9A19103F-16F7-4668-BE54-9A1E7A4F7556}") = "JsonClassGeneratorLib", "JsonClassGeneratorLib\JsonClassGeneratorLib.csproj", "{C5BE1AD5-EAA1-4EE2-B32E-7DC24DB53C63}"
EndProject
Project("{9A19103F-16F7-4668-BE54-9A1E7A4F7556}") = "Blog", "Blog\Blog.csproj", "{0E4AB63C-FF89-471C-81E2-25994BBE0210}"
EndProject
Project("{2150E333-8FDC-42A3-9474-1A3956D46DE8}") = "Module", "Module", "{D4EF6DF9-1532-4FFE-834E-B748FCBD94D5}"
EndProject
Project("{FAE04EC0-301F-11D3-BF4B-00C04F79EFBC}") = "Mobile", "..\Mobile\Mobile.csproj", "{42523A02-D421-4CFE-A232-84B58CA81FA9}"
EndProject
Global
	GlobalSection(SolutionConfigurationPlatforms) = preSolution
		Debug|Any CPU = Debug|Any CPU
		Debug|x64 = Debug|x64
		Debug|x86 = Debug|x86
		Release|Any CPU = Release|Any CPU
		Release|x64 = Release|x64
		Release|x86 = Release|x86
	EndGlobalSection
	GlobalSection(ProjectConfigurationPlatforms) = postSolution
		{4FB63E39-5177-4332-ACD6-4F0FDBA65D73}.Debug|Any CPU.ActiveCfg = Debug|Any CPU
		{4FB63E39-5177-4332-ACD6-4F0FDBA65D73}.Debug|Any CPU.Build.0 = Debug|Any CPU
		{4FB63E39-5177-4332-ACD6-4F0FDBA65D73}.Debug|x64.ActiveCfg = Debug|Any CPU
		{4FB63E39-5177-4332-ACD6-4F0FDBA65D73}.Debug|x64.Build.0 = Debug|Any CPU
		{4FB63E39-5177-4332-ACD6-4F0FDBA65D73}.Debug|x86.ActiveCfg = Debug|Any CPU
		{4FB63E39-5177-4332-ACD6-4F0FDBA65D73}.Debug|x86.Build.0 = Debug|Any CPU
		{4FB63E39-5177-4332-ACD6-4F0FDBA65D73}.Release|Any CPU.ActiveCfg = Release|Any CPU
		{4FB63E39-5177-4332-ACD6-4F0FDBA65D73}.Release|Any CPU.Build.0 = Release|Any CPU
		{4FB63E39-5177-4332-ACD6-4F0FDBA65D73}.Release|x64.ActiveCfg = Release|Any CPU
		{4FB63E39-5177-4332-ACD6-4F0FDBA65D73}.Release|x64.Build.0 = Release|Any CPU
		{4FB63E39-5177-4332-ACD6-4F0FDBA65D73}.Release|x86.ActiveCfg = Release|Any CPU
		{4FB63E39-5177-4332-ACD6-4F0FDBA65D73}.Release|x86.Build.0 = Release|Any CPU
		{C2D0E523-A7EF-4A0B-BD39-3D2A340A59F3}.Debug|Any CPU.ActiveCfg = Debug|Any CPU
		{C2D0E523-A7EF-4A0B-BD39-3D2A340A59F3}.Debug|Any CPU.Build.0 = Debug|Any CPU
		{C2D0E523-A7EF-4A0B-BD39-3D2A340A59F3}.Debug|x64.ActiveCfg = Debug|Any CPU
		{C2D0E523-A7EF-4A0B-BD39-3D2A340A59F3}.Debug|x64.Build.0 = Debug|Any CPU
		{C2D0E523-A7EF-4A0B-BD39-3D2A340A59F3}.Debug|x86.ActiveCfg = Debug|Any CPU
		{C2D0E523-A7EF-4A0B-BD39-3D2A340A59F3}.Debug|x86.Build.0 = Debug|Any CPU
		{C2D0E523-A7EF-4A0B-BD39-3D2A340A59F3}.Release|Any CPU.ActiveCfg = Release|Any CPU
		{C2D0E523-A7EF-4A0B-BD39-3D2A340A59F3}.Release|Any CPU.Build.0 = Release|Any CPU
		{C2D0E523-A7EF-4A0B-BD39-3D2A340A59F3}.Release|x64.ActiveCfg = Release|Any CPU
		{C2D0E523-A7EF-4A0B-BD39-3D2A340A59F3}.Release|x64.Build.0 = Release|Any CPU
		{C2D0E523-A7EF-4A0B-BD39-3D2A340A59F3}.Release|x86.ActiveCfg = Release|Any CPU
		{C2D0E523-A7EF-4A0B-BD39-3D2A340A59F3}.Release|x86.Build.0 = Release|Any CPU
		{418BDB02-D782-49B6-AA20-BC6137C9F4B6}.Debug|Any CPU.ActiveCfg = Debug|Any CPU
		{418BDB02-D782-49B6-AA20-BC6137C9F4B6}.Debug|Any CPU.Build.0 = Debug|Any CPU
		{418BDB02-D782-49B6-AA20-BC6137C9F4B6}.Debug|x64.ActiveCfg = Debug|Any CPU
		{418BDB02-D782-49B6-AA20-BC6137C9F4B6}.Debug|x64.Build.0 = Debug|Any CPU
		{418BDB02-D782-49B6-AA20-BC6137C9F4B6}.Debug|x86.ActiveCfg = Debug|Any CPU
		{418BDB02-D782-49B6-AA20-BC6137C9F4B6}.Debug|x86.Build.0 = Debug|Any CPU
		{418BDB02-D782-49B6-AA20-BC6137C9F4B6}.Release|Any CPU.ActiveCfg = Release|Any CPU
		{418BDB02-D782-49B6-AA20-BC6137C9F4B6}.Release|Any CPU.Build.0 = Release|Any CPU
		{418BDB02-D782-49B6-AA20-BC6137C9F4B6}.Release|x64.ActiveCfg = Release|Any CPU
		{418BDB02-D782-49B6-AA20-BC6137C9F4B6}.Release|x64.Build.0 = Release|Any CPU
		{418BDB02-D782-49B6-AA20-BC6137C9F4B6}.Release|x86.ActiveCfg = Release|Any CPU
		{418BDB02-D782-49B6-AA20-BC6137C9F4B6}.Release|x86.Build.0 = Release|Any CPU
		{EF312410-4EEA-46AB-93EC-05A952D1C97E}.Debug|Any CPU.ActiveCfg = Debug|Any CPU
		{EF312410-4EEA-46AB-93EC-05A952D1C97E}.Debug|Any CPU.Build.0 = Debug|Any CPU
		{EF312410-4EEA-46AB-93EC-05A952D1C97E}.Debug|x64.ActiveCfg = Debug|Any CPU
		{EF312410-4EEA-46AB-93EC-05A952D1C97E}.Debug|x64.Build.0 = Debug|Any CPU
		{EF312410-4EEA-46AB-93EC-05A952D1C97E}.Debug|x86.ActiveCfg = Debug|Any CPU
		{EF312410-4EEA-46AB-93EC-05A952D1C97E}.Debug|x86.Build.0 = Debug|Any CPU
		{EF312410-4EEA-46AB-93EC-05A952D1C97E}.Release|Any CPU.ActiveCfg = Release|Any CPU
		{EF312410-4EEA-46AB-93EC-05A952D1C97E}.Release|Any CPU.Build.0 = Release|Any CPU
		{EF312410-4EEA-46AB-93EC-05A952D1C97E}.Release|x64.ActiveCfg = Release|Any CPU
		{EF312410-4EEA-46AB-93EC-05A952D1C97E}.Release|x64.Build.0 = Release|Any CPU
		{EF312410-4EEA-46AB-93EC-05A952D1C97E}.Release|x86.ActiveCfg = Release|Any CPU
		{EF312410-4EEA-46AB-93EC-05A952D1C97E}.Release|x86.Build.0 = Release|Any CPU
		{7861F22C-1178-4800-AA0B-5C6392A077FA}.Debug|Any CPU.ActiveCfg = Debug|Any CPU
		{7861F22C-1178-4800-AA0B-5C6392A077FA}.Debug|Any CPU.Build.0 = Debug|Any CPU
		{7861F22C-1178-4800-AA0B-5C6392A077FA}.Debug|x64.ActiveCfg = Debug|Any CPU
		{7861F22C-1178-4800-AA0B-5C6392A077FA}.Debug|x64.Build.0 = Debug|Any CPU
		{7861F22C-1178-4800-AA0B-5C6392A077FA}.Debug|x86.ActiveCfg = Debug|Any CPU
		{7861F22C-1178-4800-AA0B-5C6392A077FA}.Debug|x86.Build.0 = Debug|Any CPU
		{7861F22C-1178-4800-AA0B-5C6392A077FA}.Release|Any CPU.ActiveCfg = Release|Any CPU
		{7861F22C-1178-4800-AA0B-5C6392A077FA}.Release|Any CPU.Build.0 = Release|Any CPU
		{7861F22C-1178-4800-AA0B-5C6392A077FA}.Release|x64.ActiveCfg = Release|Any CPU
		{7861F22C-1178-4800-AA0B-5C6392A077FA}.Release|x64.Build.0 = Release|Any CPU
		{7861F22C-1178-4800-AA0B-5C6392A077FA}.Release|x86.ActiveCfg = Release|Any CPU
		{7861F22C-1178-4800-AA0B-5C6392A077FA}.Release|x86.Build.0 = Release|Any CPU
		{4AAB4556-C50B-4855-9707-D56F6578E068}.Debug|Any CPU.ActiveCfg = Debug|Any CPU
		{4AAB4556-C50B-4855-9707-D56F6578E068}.Debug|Any CPU.Build.0 = Debug|Any CPU
		{4AAB4556-C50B-4855-9707-D56F6578E068}.Debug|x64.ActiveCfg = Debug|Any CPU
		{4AAB4556-C50B-4855-9707-D56F6578E068}.Debug|x64.Build.0 = Debug|Any CPU
		{4AAB4556-C50B-4855-9707-D56F6578E068}.Debug|x86.ActiveCfg = Debug|Any CPU
		{4AAB4556-C50B-4855-9707-D56F6578E068}.Debug|x86.Build.0 = Debug|Any CPU
		{4AAB4556-C50B-4855-9707-D56F6578E068}.Release|Any CPU.ActiveCfg = Release|Any CPU
		{4AAB4556-C50B-4855-9707-D56F6578E068}.Release|Any CPU.Build.0 = Release|Any CPU
		{4AAB4556-C50B-4855-9707-D56F6578E068}.Release|x64.ActiveCfg = Release|Any CPU
		{4AAB4556-C50B-4855-9707-D56F6578E068}.Release|x64.Build.0 = Release|Any CPU
		{4AAB4556-C50B-4855-9707-D56F6578E068}.Release|x86.ActiveCfg = Release|Any CPU
		{4AAB4556-C50B-4855-9707-D56F6578E068}.Release|x86.Build.0 = Release|Any CPU
		{A5914362-7B39-4EFA-A818-2C234DA8EC09}.Debug|Any CPU.ActiveCfg = Debug|Any CPU
		{A5914362-7B39-4EFA-A818-2C234DA8EC09}.Debug|Any CPU.Build.0 = Debug|Any CPU
		{A5914362-7B39-4EFA-A818-2C234DA8EC09}.Debug|x64.ActiveCfg = Debug|Any CPU
		{A5914362-7B39-4EFA-A818-2C234DA8EC09}.Debug|x64.Build.0 = Debug|Any CPU
		{A5914362-7B39-4EFA-A818-2C234DA8EC09}.Debug|x86.ActiveCfg = Debug|Any CPU
		{A5914362-7B39-4EFA-A818-2C234DA8EC09}.Debug|x86.Build.0 = Debug|Any CPU
		{A5914362-7B39-4EFA-A818-2C234DA8EC09}.Release|Any CPU.ActiveCfg = Release|Any CPU
		{A5914362-7B39-4EFA-A818-2C234DA8EC09}.Release|Any CPU.Build.0 = Release|Any CPU
		{A5914362-7B39-4EFA-A818-2C234DA8EC09}.Release|x64.ActiveCfg = Release|Any CPU
		{A5914362-7B39-4EFA-A818-2C234DA8EC09}.Release|x64.Build.0 = Release|Any CPU
		{A5914362-7B39-4EFA-A818-2C234DA8EC09}.Release|x86.ActiveCfg = Release|Any CPU
		{A5914362-7B39-4EFA-A818-2C234DA8EC09}.Release|x86.Build.0 = Release|Any CPU
		{C5BE1AD5-EAA1-4EE2-B32E-7DC24DB53C63}.Debug|Any CPU.ActiveCfg = Debug|Any CPU
		{C5BE1AD5-EAA1-4EE2-B32E-7DC24DB53C63}.Debug|Any CPU.Build.0 = Debug|Any CPU
		{C5BE1AD5-EAA1-4EE2-B32E-7DC24DB53C63}.Debug|x64.ActiveCfg = Debug|Any CPU
		{C5BE1AD5-EAA1-4EE2-B32E-7DC24DB53C63}.Debug|x64.Build.0 = Debug|Any CPU
		{C5BE1AD5-EAA1-4EE2-B32E-7DC24DB53C63}.Debug|x86.ActiveCfg = Debug|Any CPU
		{C5BE1AD5-EAA1-4EE2-B32E-7DC24DB53C63}.Debug|x86.Build.0 = Debug|Any CPU
		{C5BE1AD5-EAA1-4EE2-B32E-7DC24DB53C63}.Release|Any CPU.ActiveCfg = Release|Any CPU
		{C5BE1AD5-EAA1-4EE2-B32E-7DC24DB53C63}.Release|Any CPU.Build.0 = Release|Any CPU
		{C5BE1AD5-EAA1-4EE2-B32E-7DC24DB53C63}.Release|x64.ActiveCfg = Release|Any CPU
		{C5BE1AD5-EAA1-4EE2-B32E-7DC24DB53C63}.Release|x64.Build.0 = Release|Any CPU
		{C5BE1AD5-EAA1-4EE2-B32E-7DC24DB53C63}.Release|x86.ActiveCfg = Release|Any CPU
		{C5BE1AD5-EAA1-4EE2-B32E-7DC24DB53C63}.Release|x86.Build.0 = Release|Any CPU
		{0E4AB63C-FF89-471C-81E2-25994BBE0210}.Debug|Any CPU.ActiveCfg = Debug|Any CPU
		{0E4AB63C-FF89-471C-81E2-25994BBE0210}.Debug|Any CPU.Build.0 = Debug|Any CPU
		{0E4AB63C-FF89-471C-81E2-25994BBE0210}.Debug|x64.ActiveCfg = Debug|Any CPU
		{0E4AB63C-FF89-471C-81E2-25994BBE0210}.Debug|x64.Build.0 = Debug|Any CPU
		{0E4AB63C-FF89-471C-81E2-25994BBE0210}.Debug|x86.ActiveCfg = Debug|Any CPU
		{0E4AB63C-FF89-471C-81E2-25994BBE0210}.Debug|x86.Build.0 = Debug|Any CPU
		{0E4AB63C-FF89-471C-81E2-25994BBE0210}.Release|Any CPU.ActiveCfg = Release|Any CPU
		{0E4AB63C-FF89-471C-81E2-25994BBE0210}.Release|Any CPU.Build.0 = Release|Any CPU
		{0E4AB63C-FF89-471C-81E2-25994BBE0210}.Release|x64.ActiveCfg = Release|Any CPU
		{0E4AB63C-FF89-471C-81E2-25994BBE0210}.Release|x64.Build.0 = Release|Any CPU
		{0E4AB63C-FF89-471C-81E2-25994BBE0210}.Release|x86.ActiveCfg = Release|Any CPU
		{0E4AB63C-FF89-471C-81E2-25994BBE0210}.Release|x86.Build.0 = Release|Any CPU
		{42523A02-D421-4CFE-A232-84B58CA81FA9}.Debug|Any CPU.ActiveCfg = Debug|Any CPU
		{42523A02-D421-4CFE-A232-84B58CA81FA9}.Debug|Any CPU.Build.0 = Debug|Any CPU
		{42523A02-D421-4CFE-A232-84B58CA81FA9}.Debug|x64.ActiveCfg = Debug|Any CPU
		{42523A02-D421-4CFE-A232-84B58CA81FA9}.Debug|x64.Build.0 = Debug|Any CPU
		{42523A02-D421-4CFE-A232-84B58CA81FA9}.Debug|x86.ActiveCfg = Debug|Any CPU
		{42523A02-D421-4CFE-A232-84B58CA81FA9}.Debug|x86.Build.0 = Debug|Any CPU
		{42523A02-D421-4CFE-A232-84B58CA81FA9}.Release|Any CPU.ActiveCfg = Release|Any CPU
		{42523A02-D421-4CFE-A232-84B58CA81FA9}.Release|Any CPU.Build.0 = Release|Any CPU
		{42523A02-D421-4CFE-A232-84B58CA81FA9}.Release|x64.ActiveCfg = Release|Any CPU
		{42523A02-D421-4CFE-A232-84B58CA81FA9}.Release|x64.Build.0 = Release|Any CPU
		{42523A02-D421-4CFE-A232-84B58CA81FA9}.Release|x86.ActiveCfg = Release|Any CPU
		{42523A02-D421-4CFE-A232-84B58CA81FA9}.Release|x86.Build.0 = Release|Any CPU
	EndGlobalSection
	GlobalSection(SolutionProperties) = preSolution
		HideSolutionNode = FALSE
	EndGlobalSection
	GlobalSection(NestedProjects) = preSolution
		{0E4AB63C-FF89-471C-81E2-25994BBE0210} = {D4EF6DF9-1532-4FFE-834E-B748FCBD94D5}
		{42523A02-D421-4CFE-A232-84B58CA81FA9} = {D4EF6DF9-1532-4FFE-834E-B748FCBD94D5}
	EndGlobalSection
EndGlobal
